
Microsoft Visual Studio Solution File, Format Version 12.00
# Visual Studio Version 17
VisualStudioVersion = 17.5.33424.131
MinimumVisualStudioVersion = 10.0.40219.1
Project("{FAE04EC0-301F-11D3-BF4B-00C04F79EFBC}") = "crud", "crud\crud.csproj", "{6075513E-6435-468F-BCE2-47FC0AFAD385}"
EndProject
Global
	GlobalSection(SolutionConfigurationPlatforms) = preSolution
		Debug|Any CPU = Debug|Any CPU
		Release|Any CPU = Release|Any CPU
	EndGlobalSection
	GlobalSection(ProjectConfigurationPlatforms) = postSolution
		{6075513E-6435-468F-BCE2-47FC0AFAD385}.Debug|Any CPU.ActiveCfg = Debug|Any CPU
		{6075513E-6435-468F-BCE2-47FC0AFAD385}.Debug|Any CPU.Build.0 = Debug|Any CPU
		{6075513E-6435-468F-BCE2-47FC0AFAD385}.Release|Any CPU.ActiveCfg = Release|Any CPU
		{6075513E-6435-468F-BCE2-47FC0AFAD385}.Release|Any CPU.Build.0 = Release|Any CPU
	EndGlobalSection
	GlobalSection(SolutionProperties) = preSolution
		HideSolutionNode = FALSE
	EndGlobalSection
	GlobalSection(ExtensibilityGlobals) = postSolution
		SolutionGuid = {C9FC26B9-A422-4214-80D3-28D0C48E63C3}
	EndGlobalSection
EndGlobal
